
Microsoft Visual Studio Solution File, Format Version 12.00
# Visual Studio Version 17
VisualStudioVersion = 17.4.33103.184
MinimumVisualStudioVersion = 10.0.40219.1
Project("{FAE04EC0-301F-11D3-BF4B-00C04F79EFBC}") = "ProTienda", "ProTienda\ProTienda.csproj", "{CA519776-978A-4404-AEA7-B9237EB0B8D4}"
EndProject
Global
	GlobalSection(SolutionConfigurationPlatforms) = preSolution
		Debug|Any CPU = Debug|Any CPU
		Release|Any CPU = Release|Any CPU
	EndGlobalSection
	GlobalSection(ProjectConfigurationPlatforms) = postSolution
		{CA519776-978A-4404-AEA7-B9237EB0B8D4}.Debug|Any CPU.ActiveCfg = Debug|Any CPU
		{CA519776-978A-4404-AEA7-B9237EB0B8D4}.Debug|Any CPU.Build.0 = Debug|Any CPU
		{CA519776-978A-4404-AEA7-B9237EB0B8D4}.Release|Any CPU.ActiveCfg = Release|Any CPU
		{CA519776-978A-4404-AEA7-B9237EB0B8D4}.Release|Any CPU.Build.0 = Release|Any CPU
	EndGlobalSection
	GlobalSection(SolutionProperties) = preSolution
		HideSolutionNode = FALSE
	EndGlobalSection
	GlobalSection(ExtensibilityGlobals) = postSolution
		SolutionGuid = {FFCC119C-7C38-4F14-AA7B-B0E9936CA490}
	EndGlobalSection
EndGlobal
